
Microsoft Visual Studio Solution File, Format Version 12.00
# Visual Studio Version 16
VisualStudioVersion = 16.0.29806.167
MinimumVisualStudioVersion = 10.0.40219.1
Project("{E53339B2-1760-4266-BCC7-CA923CBCF16C}") = "docker-compose", "docker-compose.dcproj", "{D27ECC75-184F-4D25-AA98-F09740107E82}"
EndProject
Project("{9A19103F-16F7-4668-BE54-9A1E7A4F7556}") = "FindaBeer.Web", "FindaBeer.Web\FindaBeer.Web.csproj", "{48D3961C-0FDF-4983-A603-EA6F36B6AB6D}"
EndProject
Project("{9A19103F-16F7-4668-BE54-9A1E7A4F7556}") = "FindaBeer.Services", "FindaBeer.Services\FindaBeer.Services.csproj", "{4D5E0B30-A053-40CD-A300-0979ED8D9B57}"
EndProject
Project("{9A19103F-16F7-4668-BE54-9A1E7A4F7556}") = "FindaBeer.Staging", "FindaBeer.Staging\FindaBeer.Staging.csproj", "{51F0F1BA-42EE-497E-A685-E078C570B292}"
EndProject
Global
	GlobalSection(SolutionConfigurationPlatforms) = preSolution
		Debug|Any CPU = Debug|Any CPU
		Release|Any CPU = Release|Any CPU
	EndGlobalSection
	GlobalSection(ProjectConfigurationPlatforms) = postSolution
		{D27ECC75-184F-4D25-AA98-F09740107E82}.Debug|Any CPU.ActiveCfg = Debug|Any CPU
		{D27ECC75-184F-4D25-AA98-F09740107E82}.Debug|Any CPU.Build.0 = Debug|Any CPU
		{D27ECC75-184F-4D25-AA98-F09740107E82}.Release|Any CPU.ActiveCfg = Release|Any CPU
		{D27ECC75-184F-4D25-AA98-F09740107E82}.Release|Any CPU.Build.0 = Release|Any CPU
		{48D3961C-0FDF-4983-A603-EA6F36B6AB6D}.Debug|Any CPU.ActiveCfg = Debug|Any CPU
		{48D3961C-0FDF-4983-A603-EA6F36B6AB6D}.Debug|Any CPU.Build.0 = Debug|Any CPU
		{48D3961C-0FDF-4983-A603-EA6F36B6AB6D}.Release|Any CPU.ActiveCfg = Release|Any CPU
		{48D3961C-0FDF-4983-A603-EA6F36B6AB6D}.Release|Any CPU.Build.0 = Release|Any CPU
		{4D5E0B30-A053-40CD-A300-0979ED8D9B57}.Debug|Any CPU.ActiveCfg = Debug|Any CPU
		{4D5E0B30-A053-40CD-A300-0979ED8D9B57}.Debug|Any CPU.Build.0 = Debug|Any CPU
		{4D5E0B30-A053-40CD-A300-0979ED8D9B57}.Release|Any CPU.ActiveCfg = Release|Any CPU
		{4D5E0B30-A053-40CD-A300-0979ED8D9B57}.Release|Any CPU.Build.0 = Release|Any CPU
		{51F0F1BA-42EE-497E-A685-E078C570B292}.Debug|Any CPU.ActiveCfg = Debug|Any CPU
		{51F0F1BA-42EE-497E-A685-E078C570B292}.Debug|Any CPU.Build.0 = Debug|Any CPU
		{51F0F1BA-42EE-497E-A685-E078C570B292}.Release|Any CPU.ActiveCfg = Release|Any CPU
		{51F0F1BA-42EE-497E-A685-E078C570B292}.Release|Any CPU.Build.0 = Release|Any CPU
	EndGlobalSection
	GlobalSection(SolutionProperties) = preSolution
		HideSolutionNode = FALSE
	EndGlobalSection
	GlobalSection(ExtensibilityGlobals) = postSolution
		SolutionGuid = {4E38FC93-D6C7-4ADA-B669-1EABF2AB64F3}
	EndGlobalSection
EndGlobal
