
Microsoft Visual Studio Solution File, Format Version 12.00
# Visual Studio Version 16
VisualStudioVersion = 16.0.29806.167
MinimumVisualStudioVersion = 10.0.40219.1
Project("{9A19103F-16F7-4668-BE54-9A1E7A4F7556}") = "FindaBeer.Web", "FindaBeer.Web\FindaBeer.Web.csproj", "{7225C8A1-023B-4928-BAFA-D794CDABC08F}"
EndProject
Project("{E53339B2-1760-4266-BCC7-CA923CBCF16C}") = "docker-compose", "docker-compose.dcproj", "{D27ECC75-184F-4D25-AA98-F09740107E82}"
EndProject
Project("{FAE04EC0-301F-11D3-BF4B-00C04F79EFBC}") = "FindaBeer.Services", "..\FindaBeer.Services\FindaBeer.Services.csproj", "{C20CD640-C646-4F5C-AA32-2BD3908D179B}"
EndProject
Global
	GlobalSection(SolutionConfigurationPlatforms) = preSolution
		Debug|Any CPU = Debug|Any CPU
		Release|Any CPU = Release|Any CPU
	EndGlobalSection
	GlobalSection(ProjectConfigurationPlatforms) = postSolution
		{7225C8A1-023B-4928-BAFA-D794CDABC08F}.Debug|Any CPU.ActiveCfg = Debug|Any CPU
		{7225C8A1-023B-4928-BAFA-D794CDABC08F}.Debug|Any CPU.Build.0 = Debug|Any CPU
		{7225C8A1-023B-4928-BAFA-D794CDABC08F}.Release|Any CPU.ActiveCfg = Release|Any CPU
		{7225C8A1-023B-4928-BAFA-D794CDABC08F}.Release|Any CPU.Build.0 = Release|Any CPU
		{D27ECC75-184F-4D25-AA98-F09740107E82}.Debug|Any CPU.ActiveCfg = Debug|Any CPU
		{D27ECC75-184F-4D25-AA98-F09740107E82}.Debug|Any CPU.Build.0 = Debug|Any CPU
		{D27ECC75-184F-4D25-AA98-F09740107E82}.Release|Any CPU.ActiveCfg = Release|Any CPU
		{D27ECC75-184F-4D25-AA98-F09740107E82}.Release|Any CPU.Build.0 = Release|Any CPU
		{C20CD640-C646-4F5C-AA32-2BD3908D179B}.Debug|Any CPU.ActiveCfg = Debug|Any CPU
		{C20CD640-C646-4F5C-AA32-2BD3908D179B}.Debug|Any CPU.Build.0 = Debug|Any CPU
		{C20CD640-C646-4F5C-AA32-2BD3908D179B}.Release|Any CPU.ActiveCfg = Release|Any CPU
		{C20CD640-C646-4F5C-AA32-2BD3908D179B}.Release|Any CPU.Build.0 = Release|Any CPU
	EndGlobalSection
	GlobalSection(SolutionProperties) = preSolution
		HideSolutionNode = FALSE
	EndGlobalSection
	GlobalSection(ExtensibilityGlobals) = postSolution
		SolutionGuid = {4E38FC93-D6C7-4ADA-B669-1EABF2AB64F3}
	EndGlobalSection
EndGlobal
